
Microsoft Visual Studio Solution File, Format Version 12.00
# Visual Studio 2013
VisualStudioVersion = 12.0.31101.0
MinimumVisualStudioVersion = 10.0.40219.1
Project("{2150E333-8FDC-42A3-9474-1A3956D46DE8}") = "SparkiyClient", "SparkiyClient", "{4953258D-D77C-4D81-8635-E690143BA96C}"
EndProject
Project("{D954291E-2A0B-460D-934E-DC6B0785DB48}") = "SparkiyClient.Shared", "SparkiyClient\SparkiyClient.Shared\SparkiyClient.Shared.shproj", "{5CDA09A9-A58B-48C5-AC0B-0BC159149350}"
EndProject
Project("{FAE04EC0-301F-11D3-BF4B-00C04F79EFBC}") = "SparkiyClient.Windows", "SparkiyClient\SparkiyClient.Windows\SparkiyClient.Windows.csproj", "{7B4C6E81-E0E3-4EA2-BF16-675706B979C5}"
EndProject
Project("{FAE04EC0-301F-11D3-BF4B-00C04F79EFBC}") = "SparkiyClient.WindowsPhone", "SparkiyClient\SparkiyClient.WindowsPhone\SparkiyClient.WindowsPhone.csproj", "{921B2FE9-7AD1-4F92-8465-77C03DD95B4F}"
EndProject
Project("{FAE04EC0-301F-11D3-BF4B-00C04F79EFBC}") = "SparkiyClient.UILogic", "SparkiyClient.UILogic\SparkiyClient.UILogic.csproj", "{F911B0B9-7C40-4A76-B8E8-48FAC2341F4F}"
EndProject
Project("{FAE04EC0-301F-11D3-BF4B-00C04F79EFBC}") = "SparkiyClient.UILogic.Windows", "SparkiyClient.UILogic.Windows\SparkiyClient.UILogic.Windows.csproj", "{CF6D58EC-DE96-4447-A21A-FEDD344CCE21}"
EndProject
Project("{2150E333-8FDC-42A3-9474-1A3956D46DE8}") = "SparkiyEngine", "SparkiyEngine", "{773B2F69-49B8-40F0-BC4C-C9C9EF26FF99}"
EndProject
Project("{2150E333-8FDC-42A3-9474-1A3956D46DE8}") = "SparkiyEngine.Language.Lua", "SparkiyEngine.Language.Lua", "{8FC60253-4CFB-4E09-B1E0-18910B3C29D7}"
EndProject
Project("{8BC9CEB8-8B4A-11D0-8D11-00A0C91BC942}") = "SparkiyEngine.Language.Lua.Shared", "SparkiyEngine.Language.Lua\SparkiyEngine.Language.Lua.Shared\SparkiyEngine.Language.Lua.Shared.vcxitems", "{D79C0239-DF0D-4A1F-9C93-B0CF735C41E8}"
EndProject
Project("{8BC9CEB8-8B4A-11D0-8D11-00A0C91BC942}") = "SparkiyEngine.Language.Lua.Windows", "SparkiyEngine.Language.Lua\SparkiyEngine.Language.Lua.Windows\SparkiyEngine.Language.Lua.Windows.vcxproj", "{3D1AB151-FB20-4B5C-9ACC-03BE5CDFE8A0}"
EndProject
Project("{8BC9CEB8-8B4A-11D0-8D11-00A0C91BC942}") = "SparkiyEngine.Language.Lua.WindowsPhone", "SparkiyEngine.Language.Lua\SparkiyEngine.Language.Lua.WindowsPhone\SparkiyEngine.Language.Lua.WindowsPhone.vcxproj", "{84799C77-191F-4E39-9275-9E0A4ACCEE21}"
EndProject
Project("{2150E333-8FDC-42A3-9474-1A3956D46DE8}") = "SparkiyEngine.Language.LuaImplementation", "SparkiyEngine.Language.LuaImplementation", "{80009A5D-A00A-41ED-A228-094AE8872B31}"
EndProject
Project("{8BC9CEB8-8B4A-11D0-8D11-00A0C91BC942}") = "SparkiyEngine.Language.LuaImplementation.Shared", "SparkiyEngine.Language.LuaImplementation\SparkiyEngine.Language.LuaImplementation.Shared\SparkiyEngine.Language.LuaImplementation.Shared.vcxitems", "{B14C3355-3485-4977-928D-00CF669A0614}"
EndProject
Project("{8BC9CEB8-8B4A-11D0-8D11-00A0C91BC942}") = "SparkiyEngine.Language.LuaImplementation.Windows", "SparkiyEngine.Language.LuaImplementation\SparkiyEngine.Language.LuaImplementation.Windows\SparkiyEngine.Language.LuaImplementation.Windows.vcxproj", "{3F5B304E-68BE-4674-AA73-C9DEC0DEA6F1}"
EndProject
Project("{8BC9CEB8-8B4A-11D0-8D11-00A0C91BC942}") = "SparkiyEngine.Language.LuaImplementation.WindowsPhone", "SparkiyEngine.Language.LuaImplementation\SparkiyEngine.Language.LuaImplementation.WindowsPhone\SparkiyEngine.Language.LuaImplementation.WindowsPhone.vcxproj", "{5E82D3AF-4629-4992-95DC-E94FA0ED0A19}"
EndProject
Project("{2150E333-8FDC-42A3-9474-1A3956D46DE8}") = "Bindings", "Bindings", "{33632E57-519F-4D68-82D6-88690211E54D}"
EndProject
Project("{2150E333-8FDC-42A3-9474-1A3956D46DE8}") = "Languages", "Languages", "{A98842C7-CA13-4528-A794-5BCE6DAD4F9D}"
EndProject
Project("{2150E333-8FDC-42A3-9474-1A3956D46DE8}") = "Graphics", "Graphics", "{2BF6B7FE-6318-45C0-B5E8-BB1EA05C8AC1}"
EndProject
Project("{2150E333-8FDC-42A3-9474-1A3956D46DE8}") = "Tests", "Tests", "{0459AB71-2DCE-4FAC-8E8D-13508622AEBC}"
EndProject
Project("{FAE04EC0-301F-11D3-BF4B-00C04F79EFBC}") = "SparkiyEngine.Bindings.Common.Test.Windows", "SparkiyEngine.Bindings.Common.Test.Windows\SparkiyEngine.Bindings.Common.Test.Windows.csproj", "{810340C0-6ACD-4148-8CCE-1408C0357CAE}"
EndProject
Project("{2150E333-8FDC-42A3-9474-1A3956D46DE8}") = "Solution Items", "Solution Items", "{5D97C23A-C8EA-4FB0-926C-8AC949286866}"
	ProjectSection(SolutionItems) = preProject
		Graph.dgml = Graph.dgml
		..\LICENSE.md = ..\LICENSE.md
		..\README.md = ..\README.md
	EndProjectSection
EndProject
Project("{2150E333-8FDC-42A3-9474-1A3956D46DE8}") = "Engine", "Engine", "{1655A4D0-493B-47E5-901B-583354006A55}"
EndProject
Project("{FAE04EC0-301F-11D3-BF4B-00C04F79EFBC}") = "SparkiyEngine.Engine", "SparkiyEngine.Engine\SparkiyEngine.Engine.csproj", "{79259DB5-4D17-450E-9861-09FA93BFF6FD}"
EndProject
Project("{FAE04EC0-301F-11D3-BF4B-00C04F79EFBC}") = "SparkiyClient.Common", "SparkiyClient.Common\SparkiyClient.Common.csproj", "{8CDE3F03-4EFA-4F3D-823E-62F7A93E077B}"
EndProject
Project("{FAE04EC0-301F-11D3-BF4B-00C04F79EFBC}") = "SparkiyEngine.Bindings.Component", "SparkiyEngine.Bindings.Component\SparkiyEngine.Bindings.Component.csproj", "{B30085FC-1478-496B-B615-0B0FAD4AEC35}"
EndProject
Project("{2150E333-8FDC-42A3-9474-1A3956D46DE8}") = "Input", "Input", "{A714E91C-E728-4F5F-8832-57527C6CD695}"
EndProject
Project("{FAE04EC0-301F-11D3-BF4B-00C04F79EFBC}") = "SparkiyEngine.Input", "SparkiyEngine.Input\SparkiyEngine.Input.csproj", "{5DE243FE-E7BA-425E-9125-B469D195131A}"
EndProject
Project("{2150E333-8FDC-42A3-9474-1A3956D46DE8}") = "Documentation", "Documentation", "{2EC03909-7195-48AB-BCC5-3311A9D4B4E1}"
EndProject
Project("{FAE04EC0-301F-11D3-BF4B-00C04F79EFBC}") = "SparkiyEngine.Documentation.MDProvider", "SparkiyEngine.Documentation.MDProvider\SparkiyEngine.Documentation.MDProvider.csproj", "{C29ED341-F3AF-4F75-844D-771736FB303A}"
EndProject
Project("{D954291E-2A0B-460D-934E-DC6B0785DB48}") = "SparkiyEngine.Graphics", "SparkiyEngine.Graphics\SparkiyEngine.Graphics.shproj", "{D4F9F40F-C001-4FE6-AFF9-5227B50DABE1}"
EndProject
Project("{FAE04EC0-301F-11D3-BF4B-00C04F79EFBC}") = "SparkiyEngine.Graphics.Windows", "SparkiyEngine.Graphics.Windows\SparkiyEngine.Graphics.Windows.csproj", "{E8E7A9F5-1C0D-425B-B963-733B5988AB37}"
EndProject
Project("{FAE04EC0-301F-11D3-BF4B-00C04F79EFBC}") = "SparkiyEngine.Graphics.WindowsPhone", "SparkiyEngine.Graphics.WindowsPhone\SparkiyEngine.Graphics.WindowsPhone.csproj", "{B9FA1899-8F79-4375-9110-1A28914595E7}"
EndProject
Global
	GlobalSection(SharedMSBuildProjectFiles) = preSolution
		SparkiyEngine.Language.LuaImplementation\SparkiyEngine.Language.LuaImplementation.Shared\SparkiyEngine.Language.LuaImplementation.Shared.vcxitems*{b14c3355-3485-4977-928d-00cf669a0614}*SharedItemsImports = 9
		SparkiyEngine.Graphics\SparkiyEngine.Graphics.projitems*{e8e7a9f5-1c0d-425b-b963-733b5988ab37}*SharedItemsImports = 4
		SparkiyEngine.Language.LuaImplementation\SparkiyEngine.Language.LuaImplementation.Shared\SparkiyEngine.Language.LuaImplementation.Shared.vcxitems*{3f5b304e-68be-4674-aa73-c9dec0dea6f1}*SharedItemsImports = 4
		SparkiyClient\SparkiyClient.Shared\SparkiyClient.Shared.projitems*{921b2fe9-7ad1-4f92-8465-77c03dd95b4f}*SharedItemsImports = 4
		SparkiyEngine.Language.Lua\SparkiyEngine.Language.Lua.Shared\SparkiyEngine.Language.Lua.Shared.vcxitems*{d79c0239-df0d-4a1f-9c93-b0cf735c41e8}*SharedItemsImports = 9
		SparkiyEngine.Language.Lua\SparkiyEngine.Language.Lua.Shared\SparkiyEngine.Language.Lua.Shared.vcxitems*{3d1ab151-fb20-4b5c-9acc-03be5cdfe8a0}*SharedItemsImports = 4
		SparkiyEngine.Language.LuaImplementation\SparkiyEngine.Language.LuaImplementation.Shared\SparkiyEngine.Language.LuaImplementation.Shared.vcxitems*{5e82d3af-4629-4992-95dc-e94fa0ed0a19}*SharedItemsImports = 4
		SparkiyClient\SparkiyClient.Shared\SparkiyClient.Shared.projitems*{5cda09a9-a58b-48c5-ac0b-0bc159149350}*SharedItemsImports = 13
		SparkiyClient\SparkiyClient.Shared\SparkiyClient.Shared.projitems*{7b4c6e81-e0e3-4ea2-bf16-675706b979c5}*SharedItemsImports = 4
		SparkiyEngine.Language.Lua\SparkiyEngine.Language.Lua.Shared\SparkiyEngine.Language.Lua.Shared.vcxitems*{84799c77-191f-4e39-9275-9e0a4accee21}*SharedItemsImports = 4
		SparkiyEngine.Graphics\SparkiyEngine.Graphics.projitems*{b9fa1899-8f79-4375-9110-1a28914595e7}*SharedItemsImports = 4
		SparkiyEngine.Graphics\SparkiyEngine.Graphics.projitems*{d4f9f40f-c001-4fe6-aff9-5227b50dabe1}*SharedItemsImports = 13
	EndGlobalSection
	GlobalSection(SolutionConfigurationPlatforms) = preSolution
		Debug|Any CPU = Debug|Any CPU
		Debug|ARM = Debug|ARM
		Debug|Mixed Platforms = Debug|Mixed Platforms
		Debug|Win32 = Debug|Win32
		Debug|x64 = Debug|x64
		Debug|x86 = Debug|x86
		Release|Any CPU = Release|Any CPU
		Release|ARM = Release|ARM
		Release|Mixed Platforms = Release|Mixed Platforms
		Release|Win32 = Release|Win32
		Release|x64 = Release|x64
		Release|x86 = Release|x86
		Sign|Any CPU = Sign|Any CPU
		Sign|ARM = Sign|ARM
		Sign|Mixed Platforms = Sign|Mixed Platforms
		Sign|Win32 = Sign|Win32
		Sign|x64 = Sign|x64
		Sign|x86 = Sign|x86
	EndGlobalSection
	GlobalSection(ProjectConfigurationPlatforms) = postSolution
		{7B4C6E81-E0E3-4EA2-BF16-675706B979C5}.Debug|Any CPU.ActiveCfg = Debug|Any CPU
		{7B4C6E81-E0E3-4EA2-BF16-675706B979C5}.Debug|Any CPU.Build.0 = Debug|Any CPU
		{7B4C6E81-E0E3-4EA2-BF16-675706B979C5}.Debug|Any CPU.Deploy.0 = Debug|Any CPU
		{7B4C6E81-E0E3-4EA2-BF16-675706B979C5}.Debug|ARM.ActiveCfg = Debug|ARM
		{7B4C6E81-E0E3-4EA2-BF16-675706B979C5}.Debug|ARM.Build.0 = Debug|ARM
		{7B4C6E81-E0E3-4EA2-BF16-675706B979C5}.Debug|ARM.Deploy.0 = Debug|ARM
		{7B4C6E81-E0E3-4EA2-BF16-675706B979C5}.Debug|Mixed Platforms.ActiveCfg = Debug|x86
		{7B4C6E81-E0E3-4EA2-BF16-675706B979C5}.Debug|Mixed Platforms.Build.0 = Debug|x86
		{7B4C6E81-E0E3-4EA2-BF16-675706B979C5}.Debug|Mixed Platforms.Deploy.0 = Debug|x86
		{7B4C6E81-E0E3-4EA2-BF16-675706B979C5}.Debug|Win32.ActiveCfg = Debug|x86
		{7B4C6E81-E0E3-4EA2-BF16-675706B979C5}.Debug|Win32.Build.0 = Debug|x86
		{7B4C6E81-E0E3-4EA2-BF16-675706B979C5}.Debug|Win32.Deploy.0 = Debug|x86
		{7B4C6E81-E0E3-4EA2-BF16-675706B979C5}.Debug|x64.ActiveCfg = Debug|x64
		{7B4C6E81-E0E3-4EA2-BF16-675706B979C5}.Debug|x64.Build.0 = Debug|x64
		{7B4C6E81-E0E3-4EA2-BF16-675706B979C5}.Debug|x64.Deploy.0 = Debug|x64
		{7B4C6E81-E0E3-4EA2-BF16-675706B979C5}.Debug|x86.ActiveCfg = Debug|x86
		{7B4C6E81-E0E3-4EA2-BF16-675706B979C5}.Debug|x86.Build.0 = Debug|x86
		{7B4C6E81-E0E3-4EA2-BF16-675706B979C5}.Debug|x86.Deploy.0 = Debug|x86
		{7B4C6E81-E0E3-4EA2-BF16-675706B979C5}.Release|Any CPU.ActiveCfg = Release|Any CPU
		{7B4C6E81-E0E3-4EA2-BF16-675706B979C5}.Release|Any CPU.Build.0 = Release|Any CPU
		{7B4C6E81-E0E3-4EA2-BF16-675706B979C5}.Release|Any CPU.Deploy.0 = Release|Any CPU
		{7B4C6E81-E0E3-4EA2-BF16-675706B979C5}.Release|ARM.ActiveCfg = Release|ARM
		{7B4C6E81-E0E3-4EA2-BF16-675706B979C5}.Release|ARM.Build.0 = Release|ARM
		{7B4C6E81-E0E3-4EA2-BF16-675706B979C5}.Release|ARM.Deploy.0 = Release|ARM
		{7B4C6E81-E0E3-4EA2-BF16-675706B979C5}.Release|Mixed Platforms.ActiveCfg = Release|x86
		{7B4C6E81-E0E3-4EA2-BF16-675706B979C5}.Release|Mixed Platforms.Build.0 = Release|x86
		{7B4C6E81-E0E3-4EA2-BF16-675706B979C5}.Release|Mixed Platforms.Deploy.0 = Release|x86
		{7B4C6E81-E0E3-4EA2-BF16-675706B979C5}.Release|Win32.ActiveCfg = Release|x86
		{7B4C6E81-E0E3-4EA2-BF16-675706B979C5}.Release|Win32.Build.0 = Release|x86
		{7B4C6E81-E0E3-4EA2-BF16-675706B979C5}.Release|Win32.Deploy.0 = Release|x86
		{7B4C6E81-E0E3-4EA2-BF16-675706B979C5}.Release|x64.ActiveCfg = Release|x64
		{7B4C6E81-E0E3-4EA2-BF16-675706B979C5}.Release|x64.Build.0 = Release|x64
		{7B4C6E81-E0E3-4EA2-BF16-675706B979C5}.Release|x64.Deploy.0 = Release|x64
		{7B4C6E81-E0E3-4EA2-BF16-675706B979C5}.Release|x86.ActiveCfg = Release|x86
		{7B4C6E81-E0E3-4EA2-BF16-675706B979C5}.Release|x86.Build.0 = Release|x86
		{7B4C6E81-E0E3-4EA2-BF16-675706B979C5}.Release|x86.Deploy.0 = Release|x86
		{7B4C6E81-E0E3-4EA2-BF16-675706B979C5}.Sign|Any CPU.ActiveCfg = Release|Any CPU
		{7B4C6E81-E0E3-4EA2-BF16-675706B979C5}.Sign|Any CPU.Build.0 = Release|Any CPU
		{7B4C6E81-E0E3-4EA2-BF16-675706B979C5}.Sign|Any CPU.Deploy.0 = Release|Any CPU
		{7B4C6E81-E0E3-4EA2-BF16-675706B979C5}.Sign|ARM.ActiveCfg = Release|ARM
		{7B4C6E81-E0E3-4EA2-BF16-675706B979C5}.Sign|ARM.Build.0 = Release|ARM
		{7B4C6E81-E0E3-4EA2-BF16-675706B979C5}.Sign|ARM.Deploy.0 = Release|ARM
		{7B4C6E81-E0E3-4EA2-BF16-675706B979C5}.Sign|Mixed Platforms.ActiveCfg = Release|x86
		{7B4C6E81-E0E3-4EA2-BF16-675706B979C5}.Sign|Mixed Platforms.Build.0 = Release|x86
		{7B4C6E81-E0E3-4EA2-BF16-675706B979C5}.Sign|Mixed Platforms.Deploy.0 = Release|x86
		{7B4C6E81-E0E3-4EA2-BF16-675706B979C5}.Sign|Win32.ActiveCfg = Release|x86
		{7B4C6E81-E0E3-4EA2-BF16-675706B979C5}.Sign|Win32.Build.0 = Release|x86
		{7B4C6E81-E0E3-4EA2-BF16-675706B979C5}.Sign|Win32.Deploy.0 = Release|x86
		{7B4C6E81-E0E3-4EA2-BF16-675706B979C5}.Sign|x64.ActiveCfg = Release|x64
		{7B4C6E81-E0E3-4EA2-BF16-675706B979C5}.Sign|x64.Build.0 = Release|x64
		{7B4C6E81-E0E3-4EA2-BF16-675706B979C5}.Sign|x64.Deploy.0 = Release|x64
		{7B4C6E81-E0E3-4EA2-BF16-675706B979C5}.Sign|x86.ActiveCfg = Release|x86
		{7B4C6E81-E0E3-4EA2-BF16-675706B979C5}.Sign|x86.Build.0 = Release|x86
		{7B4C6E81-E0E3-4EA2-BF16-675706B979C5}.Sign|x86.Deploy.0 = Release|x86
		{921B2FE9-7AD1-4F92-8465-77C03DD95B4F}.Debug|Any CPU.ActiveCfg = Debug|Any CPU
		{921B2FE9-7AD1-4F92-8465-77C03DD95B4F}.Debug|Any CPU.Build.0 = Debug|Any CPU
		{921B2FE9-7AD1-4F92-8465-77C03DD95B4F}.Debug|Any CPU.Deploy.0 = Debug|Any CPU
		{921B2FE9-7AD1-4F92-8465-77C03DD95B4F}.Debug|ARM.ActiveCfg = Debug|ARM
		{921B2FE9-7AD1-4F92-8465-77C03DD95B4F}.Debug|ARM.Build.0 = Debug|ARM
		{921B2FE9-7AD1-4F92-8465-77C03DD95B4F}.Debug|ARM.Deploy.0 = Debug|ARM
		{921B2FE9-7AD1-4F92-8465-77C03DD95B4F}.Debug|Mixed Platforms.ActiveCfg = Debug|x86
		{921B2FE9-7AD1-4F92-8465-77C03DD95B4F}.Debug|Mixed Platforms.Build.0 = Debug|x86
		{921B2FE9-7AD1-4F92-8465-77C03DD95B4F}.Debug|Mixed Platforms.Deploy.0 = Debug|x86
		{921B2FE9-7AD1-4F92-8465-77C03DD95B4F}.Debug|Win32.ActiveCfg = Debug|x86
		{921B2FE9-7AD1-4F92-8465-77C03DD95B4F}.Debug|Win32.Build.0 = Debug|x86
		{921B2FE9-7AD1-4F92-8465-77C03DD95B4F}.Debug|Win32.Deploy.0 = Debug|x86
		{921B2FE9-7AD1-4F92-8465-77C03DD95B4F}.Debug|x64.ActiveCfg = Debug|Any CPU
		{921B2FE9-7AD1-4F92-8465-77C03DD95B4F}.Debug|x86.ActiveCfg = Debug|x86
		{921B2FE9-7AD1-4F92-8465-77C03DD95B4F}.Debug|x86.Build.0 = Debug|x86
		{921B2FE9-7AD1-4F92-8465-77C03DD95B4F}.Debug|x86.Deploy.0 = Debug|x86
		{921B2FE9-7AD1-4F92-8465-77C03DD95B4F}.Release|Any CPU.ActiveCfg = Release|Any CPU
		{921B2FE9-7AD1-4F92-8465-77C03DD95B4F}.Release|Any CPU.Build.0 = Release|Any CPU
		{921B2FE9-7AD1-4F92-8465-77C03DD95B4F}.Release|Any CPU.Deploy.0 = Release|Any CPU
		{921B2FE9-7AD1-4F92-8465-77C03DD95B4F}.Release|ARM.ActiveCfg = Release|ARM
		{921B2FE9-7AD1-4F92-8465-77C03DD95B4F}.Release|ARM.Build.0 = Release|ARM
		{921B2FE9-7AD1-4F92-8465-77C03DD95B4F}.Release|ARM.Deploy.0 = Release|ARM
		{921B2FE9-7AD1-4F92-8465-77C03DD95B4F}.Release|Mixed Platforms.ActiveCfg = Release|x86
		{921B2FE9-7AD1-4F92-8465-77C03DD95B4F}.Release|Mixed Platforms.Build.0 = Release|x86
		{921B2FE9-7AD1-4F92-8465-77C03DD95B4F}.Release|Mixed Platforms.Deploy.0 = Release|x86
		{921B2FE9-7AD1-4F92-8465-77C03DD95B4F}.Release|Win32.ActiveCfg = Release|x86
		{921B2FE9-7AD1-4F92-8465-77C03DD95B4F}.Release|Win32.Build.0 = Release|x86
		{921B2FE9-7AD1-4F92-8465-77C03DD95B4F}.Release|Win32.Deploy.0 = Release|x86
		{921B2FE9-7AD1-4F92-8465-77C03DD95B4F}.Release|x64.ActiveCfg = Release|Any CPU
		{921B2FE9-7AD1-4F92-8465-77C03DD95B4F}.Release|x64.Build.0 = Release|Any CPU
		{921B2FE9-7AD1-4F92-8465-77C03DD95B4F}.Release|x86.ActiveCfg = Release|x86
		{921B2FE9-7AD1-4F92-8465-77C03DD95B4F}.Release|x86.Build.0 = Release|x86
		{921B2FE9-7AD1-4F92-8465-77C03DD95B4F}.Release|x86.Deploy.0 = Release|x86
		{921B2FE9-7AD1-4F92-8465-77C03DD95B4F}.Sign|Any CPU.ActiveCfg = Release|Any CPU
		{921B2FE9-7AD1-4F92-8465-77C03DD95B4F}.Sign|Any CPU.Build.0 = Release|Any CPU
		{921B2FE9-7AD1-4F92-8465-77C03DD95B4F}.Sign|Any CPU.Deploy.0 = Release|Any CPU
		{921B2FE9-7AD1-4F92-8465-77C03DD95B4F}.Sign|ARM.ActiveCfg = Release|ARM
		{921B2FE9-7AD1-4F92-8465-77C03DD95B4F}.Sign|ARM.Build.0 = Release|ARM
		{921B2FE9-7AD1-4F92-8465-77C03DD95B4F}.Sign|ARM.Deploy.0 = Release|ARM
		{921B2FE9-7AD1-4F92-8465-77C03DD95B4F}.Sign|Mixed Platforms.ActiveCfg = Release|x86
		{921B2FE9-7AD1-4F92-8465-77C03DD95B4F}.Sign|Mixed Platforms.Build.0 = Release|x86
		{921B2FE9-7AD1-4F92-8465-77C03DD95B4F}.Sign|Mixed Platforms.Deploy.0 = Release|x86
		{921B2FE9-7AD1-4F92-8465-77C03DD95B4F}.Sign|Win32.ActiveCfg = Release|x86
		{921B2FE9-7AD1-4F92-8465-77C03DD95B4F}.Sign|Win32.Build.0 = Release|x86
		{921B2FE9-7AD1-4F92-8465-77C03DD95B4F}.Sign|Win32.Deploy.0 = Release|x86
		{921B2FE9-7AD1-4F92-8465-77C03DD95B4F}.Sign|x64.ActiveCfg = Release|Any CPU
		{921B2FE9-7AD1-4F92-8465-77C03DD95B4F}.Sign|x64.Build.0 = Release|Any CPU
		{921B2FE9-7AD1-4F92-8465-77C03DD95B4F}.Sign|x64.Deploy.0 = Release|Any CPU
		{921B2FE9-7AD1-4F92-8465-77C03DD95B4F}.Sign|x86.ActiveCfg = Release|x86
		{921B2FE9-7AD1-4F92-8465-77C03DD95B4F}.Sign|x86.Build.0 = Release|x86
		{921B2FE9-7AD1-4F92-8465-77C03DD95B4F}.Sign|x86.Deploy.0 = Release|x86
		{F911B0B9-7C40-4A76-B8E8-48FAC2341F4F}.Debug|Any CPU.ActiveCfg = Debug|Any CPU
		{F911B0B9-7C40-4A76-B8E8-48FAC2341F4F}.Debug|Any CPU.Build.0 = Debug|Any CPU
		{F911B0B9-7C40-4A76-B8E8-48FAC2341F4F}.Debug|ARM.ActiveCfg = Debug|Any CPU
		{F911B0B9-7C40-4A76-B8E8-48FAC2341F4F}.Debug|ARM.Build.0 = Debug|Any CPU
		{F911B0B9-7C40-4A76-B8E8-48FAC2341F4F}.Debug|Mixed Platforms.ActiveCfg = Debug|Any CPU
		{F911B0B9-7C40-4A76-B8E8-48FAC2341F4F}.Debug|Mixed Platforms.Build.0 = Debug|Any CPU
		{F911B0B9-7C40-4A76-B8E8-48FAC2341F4F}.Debug|Win32.ActiveCfg = Debug|Any CPU
		{F911B0B9-7C40-4A76-B8E8-48FAC2341F4F}.Debug|Win32.Build.0 = Debug|Any CPU
		{F911B0B9-7C40-4A76-B8E8-48FAC2341F4F}.Debug|x64.ActiveCfg = Debug|Any CPU
		{F911B0B9-7C40-4A76-B8E8-48FAC2341F4F}.Debug|x64.Build.0 = Debug|Any CPU
		{F911B0B9-7C40-4A76-B8E8-48FAC2341F4F}.Debug|x86.ActiveCfg = Debug|Any CPU
		{F911B0B9-7C40-4A76-B8E8-48FAC2341F4F}.Debug|x86.Build.0 = Debug|Any CPU
		{F911B0B9-7C40-4A76-B8E8-48FAC2341F4F}.Release|Any CPU.ActiveCfg = Release|Any CPU
		{F911B0B9-7C40-4A76-B8E8-48FAC2341F4F}.Release|Any CPU.Build.0 = Release|Any CPU
		{F911B0B9-7C40-4A76-B8E8-48FAC2341F4F}.Release|ARM.ActiveCfg = Release|Any CPU
		{F911B0B9-7C40-4A76-B8E8-48FAC2341F4F}.Release|ARM.Build.0 = Release|Any CPU
		{F911B0B9-7C40-4A76-B8E8-48FAC2341F4F}.Release|Mixed Platforms.ActiveCfg = Release|Any CPU
		{F911B0B9-7C40-4A76-B8E8-48FAC2341F4F}.Release|Mixed Platforms.Build.0 = Release|Any CPU
		{F911B0B9-7C40-4A76-B8E8-48FAC2341F4F}.Release|Win32.ActiveCfg = Release|Any CPU
		{F911B0B9-7C40-4A76-B8E8-48FAC2341F4F}.Release|x64.ActiveCfg = Release|Any CPU
		{F911B0B9-7C40-4A76-B8E8-48FAC2341F4F}.Release|x64.Build.0 = Release|Any CPU
		{F911B0B9-7C40-4A76-B8E8-48FAC2341F4F}.Release|x86.ActiveCfg = Release|Any CPU
		{F911B0B9-7C40-4A76-B8E8-48FAC2341F4F}.Release|x86.Build.0 = Release|Any CPU
		{F911B0B9-7C40-4A76-B8E8-48FAC2341F4F}.Sign|Any CPU.ActiveCfg = Release|Any CPU
		{F911B0B9-7C40-4A76-B8E8-48FAC2341F4F}.Sign|Any CPU.Build.0 = Release|Any CPU
		{F911B0B9-7C40-4A76-B8E8-48FAC2341F4F}.Sign|ARM.ActiveCfg = Release|ARM
		{F911B0B9-7C40-4A76-B8E8-48FAC2341F4F}.Sign|ARM.Build.0 = Release|ARM
		{F911B0B9-7C40-4A76-B8E8-48FAC2341F4F}.Sign|Mixed Platforms.ActiveCfg = Release|Any CPU
		{F911B0B9-7C40-4A76-B8E8-48FAC2341F4F}.Sign|Mixed Platforms.Build.0 = Release|Any CPU
		{F911B0B9-7C40-4A76-B8E8-48FAC2341F4F}.Sign|Win32.ActiveCfg = Release|Any CPU
		{F911B0B9-7C40-4A76-B8E8-48FAC2341F4F}.Sign|Win32.Build.0 = Release|Any CPU
		{F911B0B9-7C40-4A76-B8E8-48FAC2341F4F}.Sign|x64.ActiveCfg = Release|Any CPU
		{F911B0B9-7C40-4A76-B8E8-48FAC2341F4F}.Sign|x64.Build.0 = Release|Any CPU
		{F911B0B9-7C40-4A76-B8E8-48FAC2341F4F}.Sign|x86.ActiveCfg = Release|Any CPU
		{F911B0B9-7C40-4A76-B8E8-48FAC2341F4F}.Sign|x86.Build.0 = Release|Any CPU
		{CF6D58EC-DE96-4447-A21A-FEDD344CCE21}.Debug|Any CPU.ActiveCfg = Debug|Any CPU
		{CF6D58EC-DE96-4447-A21A-FEDD344CCE21}.Debug|Any CPU.Build.0 = Debug|Any CPU
		{CF6D58EC-DE96-4447-A21A-FEDD344CCE21}.Debug|ARM.ActiveCfg = Debug|ARM
		{CF6D58EC-DE96-4447-A21A-FEDD344CCE21}.Debug|ARM.Build.0 = Debug|ARM
		{CF6D58EC-DE96-4447-A21A-FEDD344CCE21}.Debug|Mixed Platforms.ActiveCfg = Debug|x86
		{CF6D58EC-DE96-4447-A21A-FEDD344CCE21}.Debug|Mixed Platforms.Build.0 = Debug|x86
		{CF6D58EC-DE96-4447-A21A-FEDD344CCE21}.Debug|Win32.ActiveCfg = Debug|x86
		{CF6D58EC-DE96-4447-A21A-FEDD344CCE21}.Debug|Win32.Build.0 = Debug|x86
		{CF6D58EC-DE96-4447-A21A-FEDD344CCE21}.Debug|x64.ActiveCfg = Debug|x64
		{CF6D58EC-DE96-4447-A21A-FEDD344CCE21}.Debug|x64.Build.0 = Debug|x64
		{CF6D58EC-DE96-4447-A21A-FEDD344CCE21}.Debug|x86.ActiveCfg = Debug|x86
		{CF6D58EC-DE96-4447-A21A-FEDD344CCE21}.Debug|x86.Build.0 = Debug|x86
		{CF6D58EC-DE96-4447-A21A-FEDD344CCE21}.Release|Any CPU.ActiveCfg = Release|Any CPU
		{CF6D58EC-DE96-4447-A21A-FEDD344CCE21}.Release|Any CPU.Build.0 = Release|Any CPU
		{CF6D58EC-DE96-4447-A21A-FEDD344CCE21}.Release|ARM.ActiveCfg = Release|ARM
		{CF6D58EC-DE96-4447-A21A-FEDD344CCE21}.Release|ARM.Build.0 = Release|ARM
		{CF6D58EC-DE96-4447-A21A-FEDD344CCE21}.Release|Mixed Platforms.ActiveCfg = Release|x86
		{CF6D58EC-DE96-4447-A21A-FEDD344CCE21}.Release|Mixed Platforms.Build.0 = Release|x86
		{CF6D58EC-DE96-4447-A21A-FEDD344CCE21}.Release|Win32.ActiveCfg = Release|x86
		{CF6D58EC-DE96-4447-A21A-FEDD344CCE21}.Release|Win32.Build.0 = Release|x86
		{CF6D58EC-DE96-4447-A21A-FEDD344CCE21}.Release|x64.ActiveCfg = Release|x64
		{CF6D58EC-DE96-4447-A21A-FEDD344CCE21}.Release|x64.Build.0 = Release|x64
		{CF6D58EC-DE96-4447-A21A-FEDD344CCE21}.Release|x86.ActiveCfg = Release|x86
		{CF6D58EC-DE96-4447-A21A-FEDD344CCE21}.Release|x86.Build.0 = Release|x86
		{CF6D58EC-DE96-4447-A21A-FEDD344CCE21}.Sign|Any CPU.ActiveCfg = Release|Any CPU
		{CF6D58EC-DE96-4447-A21A-FEDD344CCE21}.Sign|Any CPU.Build.0 = Release|Any CPU
		{CF6D58EC-DE96-4447-A21A-FEDD344CCE21}.Sign|ARM.ActiveCfg = Release|ARM
		{CF6D58EC-DE96-4447-A21A-FEDD344CCE21}.Sign|ARM.Build.0 = Release|ARM
		{CF6D58EC-DE96-4447-A21A-FEDD344CCE21}.Sign|Mixed Platforms.ActiveCfg = Release|x86
		{CF6D58EC-DE96-4447-A21A-FEDD344CCE21}.Sign|Mixed Platforms.Build.0 = Release|x86
		{CF6D58EC-DE96-4447-A21A-FEDD344CCE21}.Sign|Win32.ActiveCfg = Release|x86
		{CF6D58EC-DE96-4447-A21A-FEDD344CCE21}.Sign|Win32.Build.0 = Release|x86
		{CF6D58EC-DE96-4447-A21A-FEDD344CCE21}.Sign|x64.ActiveCfg = Release|x64
		{CF6D58EC-DE96-4447-A21A-FEDD344CCE21}.Sign|x64.Build.0 = Release|x64
		{CF6D58EC-DE96-4447-A21A-FEDD344CCE21}.Sign|x86.ActiveCfg = Release|x86
		{CF6D58EC-DE96-4447-A21A-FEDD344CCE21}.Sign|x86.Build.0 = Release|x86
		{3D1AB151-FB20-4B5C-9ACC-03BE5CDFE8A0}.Debug|Any CPU.ActiveCfg = Debug|Win32
		{3D1AB151-FB20-4B5C-9ACC-03BE5CDFE8A0}.Debug|ARM.ActiveCfg = Debug|ARM
		{3D1AB151-FB20-4B5C-9ACC-03BE5CDFE8A0}.Debug|ARM.Build.0 = Debug|ARM
		{3D1AB151-FB20-4B5C-9ACC-03BE5CDFE8A0}.Debug|Mixed Platforms.ActiveCfg = Debug|Win32
		{3D1AB151-FB20-4B5C-9ACC-03BE5CDFE8A0}.Debug|Mixed Platforms.Build.0 = Debug|Win32
		{3D1AB151-FB20-4B5C-9ACC-03BE5CDFE8A0}.Debug|Win32.ActiveCfg = Debug|Win32
		{3D1AB151-FB20-4B5C-9ACC-03BE5CDFE8A0}.Debug|Win32.Build.0 = Debug|Win32
		{3D1AB151-FB20-4B5C-9ACC-03BE5CDFE8A0}.Debug|x64.ActiveCfg = Debug|x64
		{3D1AB151-FB20-4B5C-9ACC-03BE5CDFE8A0}.Debug|x64.Build.0 = Debug|x64
		{3D1AB151-FB20-4B5C-9ACC-03BE5CDFE8A0}.Debug|x86.ActiveCfg = Debug|Win32
		{3D1AB151-FB20-4B5C-9ACC-03BE5CDFE8A0}.Debug|x86.Build.0 = Debug|Win32
		{3D1AB151-FB20-4B5C-9ACC-03BE5CDFE8A0}.Release|Any CPU.ActiveCfg = Release|Win32
		{3D1AB151-FB20-4B5C-9ACC-03BE5CDFE8A0}.Release|ARM.ActiveCfg = Release|ARM
		{3D1AB151-FB20-4B5C-9ACC-03BE5CDFE8A0}.Release|ARM.Build.0 = Release|ARM
		{3D1AB151-FB20-4B5C-9ACC-03BE5CDFE8A0}.Release|Mixed Platforms.ActiveCfg = Release|Win32
		{3D1AB151-FB20-4B5C-9ACC-03BE5CDFE8A0}.Release|Mixed Platforms.Build.0 = Release|Win32
		{3D1AB151-FB20-4B5C-9ACC-03BE5CDFE8A0}.Release|Win32.ActiveCfg = Release|Win32
		{3D1AB151-FB20-4B5C-9ACC-03BE5CDFE8A0}.Release|Win32.Build.0 = Release|Win32
		{3D1AB151-FB20-4B5C-9ACC-03BE5CDFE8A0}.Release|x64.ActiveCfg = Release|x64
		{3D1AB151-FB20-4B5C-9ACC-03BE5CDFE8A0}.Release|x64.Build.0 = Release|x64
		{3D1AB151-FB20-4B5C-9ACC-03BE5CDFE8A0}.Release|x86.ActiveCfg = Release|Win32
		{3D1AB151-FB20-4B5C-9ACC-03BE5CDFE8A0}.Release|x86.Build.0 = Release|Win32
		{3D1AB151-FB20-4B5C-9ACC-03BE5CDFE8A0}.Sign|Any CPU.ActiveCfg = Release|x64
		{3D1AB151-FB20-4B5C-9ACC-03BE5CDFE8A0}.Sign|Any CPU.Build.0 = Release|x64
		{3D1AB151-FB20-4B5C-9ACC-03BE5CDFE8A0}.Sign|ARM.ActiveCfg = Release|ARM
		{3D1AB151-FB20-4B5C-9ACC-03BE5CDFE8A0}.Sign|ARM.Build.0 = Release|ARM
		{3D1AB151-FB20-4B5C-9ACC-03BE5CDFE8A0}.Sign|Mixed Platforms.ActiveCfg = Release|Win32
		{3D1AB151-FB20-4B5C-9ACC-03BE5CDFE8A0}.Sign|Mixed Platforms.Build.0 = Release|Win32
		{3D1AB151-FB20-4B5C-9ACC-03BE5CDFE8A0}.Sign|Win32.ActiveCfg = Release|Win32
		{3D1AB151-FB20-4B5C-9ACC-03BE5CDFE8A0}.Sign|Win32.Build.0 = Release|Win32
		{3D1AB151-FB20-4B5C-9ACC-03BE5CDFE8A0}.Sign|x64.ActiveCfg = Release|x64
		{3D1AB151-FB20-4B5C-9ACC-03BE5CDFE8A0}.Sign|x64.Build.0 = Release|x64
		{3D1AB151-FB20-4B5C-9ACC-03BE5CDFE8A0}.Sign|x86.ActiveCfg = Release|Win32
		{3D1AB151-FB20-4B5C-9ACC-03BE5CDFE8A0}.Sign|x86.Build.0 = Release|Win32
		{84799C77-191F-4E39-9275-9E0A4ACCEE21}.Debug|Any CPU.ActiveCfg = Debug|Win32
		{84799C77-191F-4E39-9275-9E0A4ACCEE21}.Debug|ARM.ActiveCfg = Debug|ARM
		{84799C77-191F-4E39-9275-9E0A4ACCEE21}.Debug|ARM.Build.0 = Debug|ARM
		{84799C77-191F-4E39-9275-9E0A4ACCEE21}.Debug|Mixed Platforms.ActiveCfg = Debug|Win32
		{84799C77-191F-4E39-9275-9E0A4ACCEE21}.Debug|Mixed Platforms.Build.0 = Debug|Win32
		{84799C77-191F-4E39-9275-9E0A4ACCEE21}.Debug|Win32.ActiveCfg = Debug|Win32
		{84799C77-191F-4E39-9275-9E0A4ACCEE21}.Debug|Win32.Build.0 = Debug|Win32
		{84799C77-191F-4E39-9275-9E0A4ACCEE21}.Debug|x64.ActiveCfg = Debug|Win32
		{84799C77-191F-4E39-9275-9E0A4ACCEE21}.Debug|x64.Build.0 = Debug|Win32
		{84799C77-191F-4E39-9275-9E0A4ACCEE21}.Debug|x86.ActiveCfg = Debug|Win32
		{84799C77-191F-4E39-9275-9E0A4ACCEE21}.Debug|x86.Build.0 = Debug|Win32
		{84799C77-191F-4E39-9275-9E0A4ACCEE21}.Release|Any CPU.ActiveCfg = Release|Win32
		{84799C77-191F-4E39-9275-9E0A4ACCEE21}.Release|ARM.ActiveCfg = Release|ARM
		{84799C77-191F-4E39-9275-9E0A4ACCEE21}.Release|ARM.Build.0 = Release|ARM
		{84799C77-191F-4E39-9275-9E0A4ACCEE21}.Release|Mixed Platforms.ActiveCfg = Release|Win32
		{84799C77-191F-4E39-9275-9E0A4ACCEE21}.Release|Mixed Platforms.Build.0 = Release|Win32
		{84799C77-191F-4E39-9275-9E0A4ACCEE21}.Release|Win32.ActiveCfg = Release|Win32
		{84799C77-191F-4E39-9275-9E0A4ACCEE21}.Release|Win32.Build.0 = Release|Win32
		{84799C77-191F-4E39-9275-9E0A4ACCEE21}.Release|x64.ActiveCfg = Release|Win32
		{84799C77-191F-4E39-9275-9E0A4ACCEE21}.Release|x86.ActiveCfg = Release|Win32
		{84799C77-191F-4E39-9275-9E0A4ACCEE21}.Release|x86.Build.0 = Release|Win32
		{84799C77-191F-4E39-9275-9E0A4ACCEE21}.Sign|Any CPU.ActiveCfg = Release|ARM
		{84799C77-191F-4E39-9275-9E0A4ACCEE21}.Sign|Any CPU.Build.0 = Release|ARM
		{84799C77-191F-4E39-9275-9E0A4ACCEE21}.Sign|ARM.ActiveCfg = Release|ARM
		{84799C77-191F-4E39-9275-9E0A4ACCEE21}.Sign|ARM.Build.0 = Release|ARM
		{84799C77-191F-4E39-9275-9E0A4ACCEE21}.Sign|Mixed Platforms.ActiveCfg = Release|Win32
		{84799C77-191F-4E39-9275-9E0A4ACCEE21}.Sign|Mixed Platforms.Build.0 = Release|Win32
		{84799C77-191F-4E39-9275-9E0A4ACCEE21}.Sign|Win32.ActiveCfg = Release|Win32
		{84799C77-191F-4E39-9275-9E0A4ACCEE21}.Sign|Win32.Build.0 = Release|Win32
		{84799C77-191F-4E39-9275-9E0A4ACCEE21}.Sign|x64.ActiveCfg = Release|ARM
		{84799C77-191F-4E39-9275-9E0A4ACCEE21}.Sign|x64.Build.0 = Release|ARM
		{84799C77-191F-4E39-9275-9E0A4ACCEE21}.Sign|x86.ActiveCfg = Release|Win32
		{84799C77-191F-4E39-9275-9E0A4ACCEE21}.Sign|x86.Build.0 = Release|Win32
		{3F5B304E-68BE-4674-AA73-C9DEC0DEA6F1}.Debug|Any CPU.ActiveCfg = Debug|Win32
		{3F5B304E-68BE-4674-AA73-C9DEC0DEA6F1}.Debug|ARM.ActiveCfg = Debug|ARM
		{3F5B304E-68BE-4674-AA73-C9DEC0DEA6F1}.Debug|ARM.Build.0 = Debug|ARM
		{3F5B304E-68BE-4674-AA73-C9DEC0DEA6F1}.Debug|Mixed Platforms.ActiveCfg = Debug|Win32
		{3F5B304E-68BE-4674-AA73-C9DEC0DEA6F1}.Debug|Mixed Platforms.Build.0 = Debug|Win32
		{3F5B304E-68BE-4674-AA73-C9DEC0DEA6F1}.Debug|Win32.ActiveCfg = Debug|Win32
		{3F5B304E-68BE-4674-AA73-C9DEC0DEA6F1}.Debug|Win32.Build.0 = Debug|Win32
		{3F5B304E-68BE-4674-AA73-C9DEC0DEA6F1}.Debug|x64.ActiveCfg = Debug|x64
		{3F5B304E-68BE-4674-AA73-C9DEC0DEA6F1}.Debug|x64.Build.0 = Debug|x64
		{3F5B304E-68BE-4674-AA73-C9DEC0DEA6F1}.Debug|x86.ActiveCfg = Debug|Win32
		{3F5B304E-68BE-4674-AA73-C9DEC0DEA6F1}.Debug|x86.Build.0 = Debug|Win32
		{3F5B304E-68BE-4674-AA73-C9DEC0DEA6F1}.Release|Any CPU.ActiveCfg = Release|Win32
		{3F5B304E-68BE-4674-AA73-C9DEC0DEA6F1}.Release|ARM.ActiveCfg = Release|ARM
		{3F5B304E-68BE-4674-AA73-C9DEC0DEA6F1}.Release|ARM.Build.0 = Release|ARM
		{3F5B304E-68BE-4674-AA73-C9DEC0DEA6F1}.Release|Mixed Platforms.ActiveCfg = Release|Win32
		{3F5B304E-68BE-4674-AA73-C9DEC0DEA6F1}.Release|Mixed Platforms.Build.0 = Release|Win32
		{3F5B304E-68BE-4674-AA73-C9DEC0DEA6F1}.Release|Win32.ActiveCfg = Release|Win32
		{3F5B304E-68BE-4674-AA73-C9DEC0DEA6F1}.Release|Win32.Build.0 = Release|Win32
		{3F5B304E-68BE-4674-AA73-C9DEC0DEA6F1}.Release|x64.ActiveCfg = Release|x64
		{3F5B304E-68BE-4674-AA73-C9DEC0DEA6F1}.Release|x64.Build.0 = Release|x64
		{3F5B304E-68BE-4674-AA73-C9DEC0DEA6F1}.Release|x86.ActiveCfg = Release|Win32
		{3F5B304E-68BE-4674-AA73-C9DEC0DEA6F1}.Release|x86.Build.0 = Release|Win32
		{3F5B304E-68BE-4674-AA73-C9DEC0DEA6F1}.Sign|Any CPU.ActiveCfg = Release|x64
		{3F5B304E-68BE-4674-AA73-C9DEC0DEA6F1}.Sign|Any CPU.Build.0 = Release|x64
		{3F5B304E-68BE-4674-AA73-C9DEC0DEA6F1}.Sign|ARM.ActiveCfg = Release|ARM
		{3F5B304E-68BE-4674-AA73-C9DEC0DEA6F1}.Sign|ARM.Build.0 = Release|ARM
		{3F5B304E-68BE-4674-AA73-C9DEC0DEA6F1}.Sign|Mixed Platforms.ActiveCfg = Release|Win32
		{3F5B304E-68BE-4674-AA73-C9DEC0DEA6F1}.Sign|Mixed Platforms.Build.0 = Release|Win32
		{3F5B304E-68BE-4674-AA73-C9DEC0DEA6F1}.Sign|Win32.ActiveCfg = Release|Win32
		{3F5B304E-68BE-4674-AA73-C9DEC0DEA6F1}.Sign|Win32.Build.0 = Release|Win32
		{3F5B304E-68BE-4674-AA73-C9DEC0DEA6F1}.Sign|x64.ActiveCfg = Release|x64
		{3F5B304E-68BE-4674-AA73-C9DEC0DEA6F1}.Sign|x64.Build.0 = Release|x64
		{3F5B304E-68BE-4674-AA73-C9DEC0DEA6F1}.Sign|x86.ActiveCfg = Release|Win32
		{3F5B304E-68BE-4674-AA73-C9DEC0DEA6F1}.Sign|x86.Build.0 = Release|Win32
		{5E82D3AF-4629-4992-95DC-E94FA0ED0A19}.Debug|Any CPU.ActiveCfg = Debug|Win32
		{5E82D3AF-4629-4992-95DC-E94FA0ED0A19}.Debug|ARM.ActiveCfg = Debug|ARM
		{5E82D3AF-4629-4992-95DC-E94FA0ED0A19}.Debug|ARM.Build.0 = Debug|ARM
		{5E82D3AF-4629-4992-95DC-E94FA0ED0A19}.Debug|Mixed Platforms.ActiveCfg = Debug|Win32
		{5E82D3AF-4629-4992-95DC-E94FA0ED0A19}.Debug|Mixed Platforms.Build.0 = Debug|Win32
		{5E82D3AF-4629-4992-95DC-E94FA0ED0A19}.Debug|Win32.ActiveCfg = Debug|Win32
		{5E82D3AF-4629-4992-95DC-E94FA0ED0A19}.Debug|Win32.Build.0 = Debug|Win32
		{5E82D3AF-4629-4992-95DC-E94FA0ED0A19}.Debug|x64.ActiveCfg = Debug|Win32
		{5E82D3AF-4629-4992-95DC-E94FA0ED0A19}.Debug|x64.Build.0 = Debug|Win32
		{5E82D3AF-4629-4992-95DC-E94FA0ED0A19}.Debug|x86.ActiveCfg = Debug|Win32
		{5E82D3AF-4629-4992-95DC-E94FA0ED0A19}.Debug|x86.Build.0 = Debug|Win32
		{5E82D3AF-4629-4992-95DC-E94FA0ED0A19}.Release|Any CPU.ActiveCfg = Release|Win32
		{5E82D3AF-4629-4992-95DC-E94FA0ED0A19}.Release|ARM.ActiveCfg = Release|ARM
		{5E82D3AF-4629-4992-95DC-E94FA0ED0A19}.Release|ARM.Build.0 = Release|ARM
		{5E82D3AF-4629-4992-95DC-E94FA0ED0A19}.Release|Mixed Platforms.ActiveCfg = Release|Win32
		{5E82D3AF-4629-4992-95DC-E94FA0ED0A19}.Release|Mixed Platforms.Build.0 = Release|Win32
		{5E82D3AF-4629-4992-95DC-E94FA0ED0A19}.Release|Win32.ActiveCfg = Release|Win32
		{5E82D3AF-4629-4992-95DC-E94FA0ED0A19}.Release|Win32.Build.0 = Release|Win32
		{5E82D3AF-4629-4992-95DC-E94FA0ED0A19}.Release|x64.ActiveCfg = Release|Win32
		{5E82D3AF-4629-4992-95DC-E94FA0ED0A19}.Release|x86.ActiveCfg = Release|Win32
		{5E82D3AF-4629-4992-95DC-E94FA0ED0A19}.Release|x86.Build.0 = Release|Win32
		{5E82D3AF-4629-4992-95DC-E94FA0ED0A19}.Sign|Any CPU.ActiveCfg = Release|ARM
		{5E82D3AF-4629-4992-95DC-E94FA0ED0A19}.Sign|Any CPU.Build.0 = Release|ARM
		{5E82D3AF-4629-4992-95DC-E94FA0ED0A19}.Sign|ARM.ActiveCfg = Release|ARM
		{5E82D3AF-4629-4992-95DC-E94FA0ED0A19}.Sign|ARM.Build.0 = Release|ARM
		{5E82D3AF-4629-4992-95DC-E94FA0ED0A19}.Sign|Mixed Platforms.ActiveCfg = Release|Win32
		{5E82D3AF-4629-4992-95DC-E94FA0ED0A19}.Sign|Mixed Platforms.Build.0 = Release|Win32
		{5E82D3AF-4629-4992-95DC-E94FA0ED0A19}.Sign|Win32.ActiveCfg = Release|Win32
		{5E82D3AF-4629-4992-95DC-E94FA0ED0A19}.Sign|Win32.Build.0 = Release|Win32
		{5E82D3AF-4629-4992-95DC-E94FA0ED0A19}.Sign|x64.ActiveCfg = Release|ARM
		{5E82D3AF-4629-4992-95DC-E94FA0ED0A19}.Sign|x64.Build.0 = Release|ARM
		{5E82D3AF-4629-4992-95DC-E94FA0ED0A19}.Sign|x86.ActiveCfg = Release|Win32
		{5E82D3AF-4629-4992-95DC-E94FA0ED0A19}.Sign|x86.Build.0 = Release|Win32
		{810340C0-6ACD-4148-8CCE-1408C0357CAE}.Debug|Any CPU.ActiveCfg = Debug|Any CPU
		{810340C0-6ACD-4148-8CCE-1408C0357CAE}.Debug|Any CPU.Build.0 = Debug|Any CPU
		{810340C0-6ACD-4148-8CCE-1408C0357CAE}.Debug|Any CPU.Deploy.0 = Debug|Any CPU
		{810340C0-6ACD-4148-8CCE-1408C0357CAE}.Debug|ARM.ActiveCfg = Debug|ARM
		{810340C0-6ACD-4148-8CCE-1408C0357CAE}.Debug|ARM.Build.0 = Debug|ARM
		{810340C0-6ACD-4148-8CCE-1408C0357CAE}.Debug|ARM.Deploy.0 = Debug|ARM
		{810340C0-6ACD-4148-8CCE-1408C0357CAE}.Debug|Mixed Platforms.ActiveCfg = Debug|x86
		{810340C0-6ACD-4148-8CCE-1408C0357CAE}.Debug|Mixed Platforms.Build.0 = Debug|x86
		{810340C0-6ACD-4148-8CCE-1408C0357CAE}.Debug|Mixed Platforms.Deploy.0 = Debug|x86
		{810340C0-6ACD-4148-8CCE-1408C0357CAE}.Debug|Win32.ActiveCfg = Debug|x86
		{810340C0-6ACD-4148-8CCE-1408C0357CAE}.Debug|Win32.Build.0 = Debug|x86
		{810340C0-6ACD-4148-8CCE-1408C0357CAE}.Debug|Win32.Deploy.0 = Debug|x86
		{810340C0-6ACD-4148-8CCE-1408C0357CAE}.Debug|x64.ActiveCfg = Debug|x64
		{810340C0-6ACD-4148-8CCE-1408C0357CAE}.Debug|x64.Build.0 = Debug|x64
		{810340C0-6ACD-4148-8CCE-1408C0357CAE}.Debug|x64.Deploy.0 = Debug|x64
		{810340C0-6ACD-4148-8CCE-1408C0357CAE}.Debug|x86.ActiveCfg = Debug|x86
		{810340C0-6ACD-4148-8CCE-1408C0357CAE}.Debug|x86.Build.0 = Debug|x86
		{810340C0-6ACD-4148-8CCE-1408C0357CAE}.Debug|x86.Deploy.0 = Debug|x86
		{810340C0-6ACD-4148-8CCE-1408C0357CAE}.Release|Any CPU.ActiveCfg = Release|Any CPU
		{810340C0-6ACD-4148-8CCE-1408C0357CAE}.Release|Any CPU.Build.0 = Release|Any CPU
		{810340C0-6ACD-4148-8CCE-1408C0357CAE}.Release|Any CPU.Deploy.0 = Release|Any CPU
		{810340C0-6ACD-4148-8CCE-1408C0357CAE}.Release|ARM.ActiveCfg = Release|ARM
		{810340C0-6ACD-4148-8CCE-1408C0357CAE}.Release|ARM.Build.0 = Release|ARM
		{810340C0-6ACD-4148-8CCE-1408C0357CAE}.Release|ARM.Deploy.0 = Release|ARM
		{810340C0-6ACD-4148-8CCE-1408C0357CAE}.Release|Mixed Platforms.ActiveCfg = Release|x86
		{810340C0-6ACD-4148-8CCE-1408C0357CAE}.Release|Mixed Platforms.Build.0 = Release|x86
		{810340C0-6ACD-4148-8CCE-1408C0357CAE}.Release|Mixed Platforms.Deploy.0 = Release|x86
		{810340C0-6ACD-4148-8CCE-1408C0357CAE}.Release|Win32.ActiveCfg = Release|x86
		{810340C0-6ACD-4148-8CCE-1408C0357CAE}.Release|Win32.Build.0 = Release|x86
		{810340C0-6ACD-4148-8CCE-1408C0357CAE}.Release|Win32.Deploy.0 = Release|x86
		{810340C0-6ACD-4148-8CCE-1408C0357CAE}.Release|x64.ActiveCfg = Release|x64
		{810340C0-6ACD-4148-8CCE-1408C0357CAE}.Release|x64.Build.0 = Release|x64
		{810340C0-6ACD-4148-8CCE-1408C0357CAE}.Release|x64.Deploy.0 = Release|x64
		{810340C0-6ACD-4148-8CCE-1408C0357CAE}.Release|x86.ActiveCfg = Release|x86
		{810340C0-6ACD-4148-8CCE-1408C0357CAE}.Release|x86.Build.0 = Release|x86
		{810340C0-6ACD-4148-8CCE-1408C0357CAE}.Release|x86.Deploy.0 = Release|x86
		{810340C0-6ACD-4148-8CCE-1408C0357CAE}.Sign|Any CPU.ActiveCfg = Release|Any CPU
		{810340C0-6ACD-4148-8CCE-1408C0357CAE}.Sign|Any CPU.Build.0 = Release|Any CPU
		{810340C0-6ACD-4148-8CCE-1408C0357CAE}.Sign|Any CPU.Deploy.0 = Release|Any CPU
		{810340C0-6ACD-4148-8CCE-1408C0357CAE}.Sign|ARM.ActiveCfg = Release|ARM
		{810340C0-6ACD-4148-8CCE-1408C0357CAE}.Sign|ARM.Build.0 = Release|ARM
		{810340C0-6ACD-4148-8CCE-1408C0357CAE}.Sign|ARM.Deploy.0 = Release|ARM
		{810340C0-6ACD-4148-8CCE-1408C0357CAE}.Sign|Mixed Platforms.ActiveCfg = Release|x86
		{810340C0-6ACD-4148-8CCE-1408C0357CAE}.Sign|Mixed Platforms.Build.0 = Release|x86
		{810340C0-6ACD-4148-8CCE-1408C0357CAE}.Sign|Mixed Platforms.Deploy.0 = Release|x86
		{810340C0-6ACD-4148-8CCE-1408C0357CAE}.Sign|Win32.ActiveCfg = Release|x86
		{810340C0-6ACD-4148-8CCE-1408C0357CAE}.Sign|Win32.Build.0 = Release|x86
		{810340C0-6ACD-4148-8CCE-1408C0357CAE}.Sign|Win32.Deploy.0 = Release|x86
		{810340C0-6ACD-4148-8CCE-1408C0357CAE}.Sign|x64.ActiveCfg = Release|x64
		{810340C0-6ACD-4148-8CCE-1408C0357CAE}.Sign|x64.Build.0 = Release|x64
		{810340C0-6ACD-4148-8CCE-1408C0357CAE}.Sign|x64.Deploy.0 = Release|x64
		{810340C0-6ACD-4148-8CCE-1408C0357CAE}.Sign|x86.ActiveCfg = Release|x86
		{810340C0-6ACD-4148-8CCE-1408C0357CAE}.Sign|x86.Build.0 = Release|x86
		{810340C0-6ACD-4148-8CCE-1408C0357CAE}.Sign|x86.Deploy.0 = Release|x86
		{79259DB5-4D17-450E-9861-09FA93BFF6FD}.Debug|Any CPU.ActiveCfg = Debug|Any CPU
		{79259DB5-4D17-450E-9861-09FA93BFF6FD}.Debug|Any CPU.Build.0 = Debug|Any CPU
		{79259DB5-4D17-450E-9861-09FA93BFF6FD}.Debug|ARM.ActiveCfg = Debug|Any CPU
		{79259DB5-4D17-450E-9861-09FA93BFF6FD}.Debug|ARM.Build.0 = Debug|Any CPU
		{79259DB5-4D17-450E-9861-09FA93BFF6FD}.Debug|Mixed Platforms.ActiveCfg = Debug|Any CPU
		{79259DB5-4D17-450E-9861-09FA93BFF6FD}.Debug|Mixed Platforms.Build.0 = Debug|Any CPU
		{79259DB5-4D17-450E-9861-09FA93BFF6FD}.Debug|Win32.ActiveCfg = Debug|Any CPU
		{79259DB5-4D17-450E-9861-09FA93BFF6FD}.Debug|Win32.Build.0 = Debug|Any CPU
		{79259DB5-4D17-450E-9861-09FA93BFF6FD}.Debug|x64.ActiveCfg = Debug|Any CPU
		{79259DB5-4D17-450E-9861-09FA93BFF6FD}.Debug|x64.Build.0 = Debug|Any CPU
		{79259DB5-4D17-450E-9861-09FA93BFF6FD}.Debug|x86.ActiveCfg = Debug|Any CPU
		{79259DB5-4D17-450E-9861-09FA93BFF6FD}.Debug|x86.Build.0 = Debug|Any CPU
		{79259DB5-4D17-450E-9861-09FA93BFF6FD}.Release|Any CPU.ActiveCfg = Release|Any CPU
		{79259DB5-4D17-450E-9861-09FA93BFF6FD}.Release|Any CPU.Build.0 = Release|Any CPU
		{79259DB5-4D17-450E-9861-09FA93BFF6FD}.Release|ARM.ActiveCfg = Release|Any CPU
		{79259DB5-4D17-450E-9861-09FA93BFF6FD}.Release|ARM.Build.0 = Release|Any CPU
		{79259DB5-4D17-450E-9861-09FA93BFF6FD}.Release|Mixed Platforms.ActiveCfg = Release|Any CPU
		{79259DB5-4D17-450E-9861-09FA93BFF6FD}.Release|Mixed Platforms.Build.0 = Release|Any CPU
		{79259DB5-4D17-450E-9861-09FA93BFF6FD}.Release|Win32.ActiveCfg = Release|Any CPU
		{79259DB5-4D17-450E-9861-09FA93BFF6FD}.Release|x64.ActiveCfg = Release|Any CPU
		{79259DB5-4D17-450E-9861-09FA93BFF6FD}.Release|x64.Build.0 = Release|Any CPU
		{79259DB5-4D17-450E-9861-09FA93BFF6FD}.Release|x86.ActiveCfg = Release|Any CPU
		{79259DB5-4D17-450E-9861-09FA93BFF6FD}.Release|x86.Build.0 = Release|Any CPU
		{79259DB5-4D17-450E-9861-09FA93BFF6FD}.Sign|Any CPU.ActiveCfg = Release|Any CPU
		{79259DB5-4D17-450E-9861-09FA93BFF6FD}.Sign|Any CPU.Build.0 = Release|Any CPU
		{79259DB5-4D17-450E-9861-09FA93BFF6FD}.Sign|ARM.ActiveCfg = Release|ARM
		{79259DB5-4D17-450E-9861-09FA93BFF6FD}.Sign|ARM.Build.0 = Release|ARM
		{79259DB5-4D17-450E-9861-09FA93BFF6FD}.Sign|Mixed Platforms.ActiveCfg = Release|Any CPU
		{79259DB5-4D17-450E-9861-09FA93BFF6FD}.Sign|Mixed Platforms.Build.0 = Release|Any CPU
		{79259DB5-4D17-450E-9861-09FA93BFF6FD}.Sign|Win32.ActiveCfg = Release|Any CPU
		{79259DB5-4D17-450E-9861-09FA93BFF6FD}.Sign|Win32.Build.0 = Release|Any CPU
		{79259DB5-4D17-450E-9861-09FA93BFF6FD}.Sign|x64.ActiveCfg = Release|Any CPU
		{79259DB5-4D17-450E-9861-09FA93BFF6FD}.Sign|x64.Build.0 = Release|Any CPU
		{79259DB5-4D17-450E-9861-09FA93BFF6FD}.Sign|x86.ActiveCfg = Release|Any CPU
		{79259DB5-4D17-450E-9861-09FA93BFF6FD}.Sign|x86.Build.0 = Release|Any CPU
		{8CDE3F03-4EFA-4F3D-823E-62F7A93E077B}.Debug|Any CPU.ActiveCfg = Debug|Any CPU
		{8CDE3F03-4EFA-4F3D-823E-62F7A93E077B}.Debug|Any CPU.Build.0 = Debug|Any CPU
		{8CDE3F03-4EFA-4F3D-823E-62F7A93E077B}.Debug|ARM.ActiveCfg = Debug|Any CPU
		{8CDE3F03-4EFA-4F3D-823E-62F7A93E077B}.Debug|ARM.Build.0 = Debug|Any CPU
		{8CDE3F03-4EFA-4F3D-823E-62F7A93E077B}.Debug|Mixed Platforms.ActiveCfg = Debug|Any CPU
		{8CDE3F03-4EFA-4F3D-823E-62F7A93E077B}.Debug|Mixed Platforms.Build.0 = Debug|Any CPU
		{8CDE3F03-4EFA-4F3D-823E-62F7A93E077B}.Debug|Win32.ActiveCfg = Debug|Any CPU
		{8CDE3F03-4EFA-4F3D-823E-62F7A93E077B}.Debug|Win32.Build.0 = Debug|Any CPU
		{8CDE3F03-4EFA-4F3D-823E-62F7A93E077B}.Debug|x64.ActiveCfg = Debug|Any CPU
		{8CDE3F03-4EFA-4F3D-823E-62F7A93E077B}.Debug|x64.Build.0 = Debug|Any CPU
		{8CDE3F03-4EFA-4F3D-823E-62F7A93E077B}.Debug|x86.ActiveCfg = Debug|Any CPU
		{8CDE3F03-4EFA-4F3D-823E-62F7A93E077B}.Debug|x86.Build.0 = Debug|Any CPU
		{8CDE3F03-4EFA-4F3D-823E-62F7A93E077B}.Release|Any CPU.ActiveCfg = Release|Any CPU
		{8CDE3F03-4EFA-4F3D-823E-62F7A93E077B}.Release|Any CPU.Build.0 = Release|Any CPU
		{8CDE3F03-4EFA-4F3D-823E-62F7A93E077B}.Release|ARM.ActiveCfg = Release|Any CPU
		{8CDE3F03-4EFA-4F3D-823E-62F7A93E077B}.Release|ARM.Build.0 = Release|Any CPU
		{8CDE3F03-4EFA-4F3D-823E-62F7A93E077B}.Release|Mixed Platforms.ActiveCfg = Release|Any CPU
		{8CDE3F03-4EFA-4F3D-823E-62F7A93E077B}.Release|Mixed Platforms.Build.0 = Release|Any CPU
		{8CDE3F03-4EFA-4F3D-823E-62F7A93E077B}.Release|Win32.ActiveCfg = Release|Any CPU
		{8CDE3F03-4EFA-4F3D-823E-62F7A93E077B}.Release|x64.ActiveCfg = Release|Any CPU
		{8CDE3F03-4EFA-4F3D-823E-62F7A93E077B}.Release|x64.Build.0 = Release|Any CPU
		{8CDE3F03-4EFA-4F3D-823E-62F7A93E077B}.Release|x86.ActiveCfg = Release|Any CPU
		{8CDE3F03-4EFA-4F3D-823E-62F7A93E077B}.Release|x86.Build.0 = Release|Any CPU
		{8CDE3F03-4EFA-4F3D-823E-62F7A93E077B}.Sign|Any CPU.ActiveCfg = Release|Any CPU
		{8CDE3F03-4EFA-4F3D-823E-62F7A93E077B}.Sign|Any CPU.Build.0 = Release|Any CPU
		{8CDE3F03-4EFA-4F3D-823E-62F7A93E077B}.Sign|ARM.ActiveCfg = Release|ARM
		{8CDE3F03-4EFA-4F3D-823E-62F7A93E077B}.Sign|ARM.Build.0 = Release|ARM
		{8CDE3F03-4EFA-4F3D-823E-62F7A93E077B}.Sign|Mixed Platforms.ActiveCfg = Release|Any CPU
		{8CDE3F03-4EFA-4F3D-823E-62F7A93E077B}.Sign|Mixed Platforms.Build.0 = Release|Any CPU
		{8CDE3F03-4EFA-4F3D-823E-62F7A93E077B}.Sign|Win32.ActiveCfg = Release|Any CPU
		{8CDE3F03-4EFA-4F3D-823E-62F7A93E077B}.Sign|Win32.Build.0 = Release|Any CPU
		{8CDE3F03-4EFA-4F3D-823E-62F7A93E077B}.Sign|x64.ActiveCfg = Release|Any CPU
		{8CDE3F03-4EFA-4F3D-823E-62F7A93E077B}.Sign|x64.Build.0 = Release|Any CPU
		{8CDE3F03-4EFA-4F3D-823E-62F7A93E077B}.Sign|x86.ActiveCfg = Release|Any CPU
		{8CDE3F03-4EFA-4F3D-823E-62F7A93E077B}.Sign|x86.Build.0 = Release|Any CPU
		{B30085FC-1478-496B-B615-0B0FAD4AEC35}.Debug|Any CPU.ActiveCfg = Debug|Any CPU
		{B30085FC-1478-496B-B615-0B0FAD4AEC35}.Debug|Any CPU.Build.0 = Debug|Any CPU
		{B30085FC-1478-496B-B615-0B0FAD4AEC35}.Debug|ARM.ActiveCfg = Debug|Any CPU
		{B30085FC-1478-496B-B615-0B0FAD4AEC35}.Debug|ARM.Build.0 = Debug|Any CPU
		{B30085FC-1478-496B-B615-0B0FAD4AEC35}.Debug|Mixed Platforms.ActiveCfg = Debug|Any CPU
		{B30085FC-1478-496B-B615-0B0FAD4AEC35}.Debug|Mixed Platforms.Build.0 = Debug|Any CPU
		{B30085FC-1478-496B-B615-0B0FAD4AEC35}.Debug|Win32.ActiveCfg = Debug|Any CPU
		{B30085FC-1478-496B-B615-0B0FAD4AEC35}.Debug|Win32.Build.0 = Debug|Any CPU
		{B30085FC-1478-496B-B615-0B0FAD4AEC35}.Debug|x64.ActiveCfg = Debug|Any CPU
		{B30085FC-1478-496B-B615-0B0FAD4AEC35}.Debug|x64.Build.0 = Debug|Any CPU
		{B30085FC-1478-496B-B615-0B0FAD4AEC35}.Debug|x86.ActiveCfg = Debug|Any CPU
		{B30085FC-1478-496B-B615-0B0FAD4AEC35}.Debug|x86.Build.0 = Debug|Any CPU
		{B30085FC-1478-496B-B615-0B0FAD4AEC35}.Release|Any CPU.ActiveCfg = Release|Any CPU
		{B30085FC-1478-496B-B615-0B0FAD4AEC35}.Release|Any CPU.Build.0 = Release|Any CPU
		{B30085FC-1478-496B-B615-0B0FAD4AEC35}.Release|ARM.ActiveCfg = Release|Any CPU
		{B30085FC-1478-496B-B615-0B0FAD4AEC35}.Release|ARM.Build.0 = Release|Any CPU
		{B30085FC-1478-496B-B615-0B0FAD4AEC35}.Release|Mixed Platforms.ActiveCfg = Release|Any CPU
		{B30085FC-1478-496B-B615-0B0FAD4AEC35}.Release|Mixed Platforms.Build.0 = Release|Any CPU
		{B30085FC-1478-496B-B615-0B0FAD4AEC35}.Release|Win32.ActiveCfg = Release|Any CPU
		{B30085FC-1478-496B-B615-0B0FAD4AEC35}.Release|Win32.Build.0 = Release|Any CPU
		{B30085FC-1478-496B-B615-0B0FAD4AEC35}.Release|x64.ActiveCfg = Release|Any CPU
		{B30085FC-1478-496B-B615-0B0FAD4AEC35}.Release|x64.Build.0 = Release|Any CPU
		{B30085FC-1478-496B-B615-0B0FAD4AEC35}.Release|x86.ActiveCfg = Release|Any CPU
		{B30085FC-1478-496B-B615-0B0FAD4AEC35}.Release|x86.Build.0 = Release|Any CPU
		{B30085FC-1478-496B-B615-0B0FAD4AEC35}.Sign|Any CPU.ActiveCfg = Release|Any CPU
		{B30085FC-1478-496B-B615-0B0FAD4AEC35}.Sign|Any CPU.Build.0 = Release|Any CPU
		{B30085FC-1478-496B-B615-0B0FAD4AEC35}.Sign|ARM.ActiveCfg = Release|ARM
		{B30085FC-1478-496B-B615-0B0FAD4AEC35}.Sign|ARM.Build.0 = Release|ARM
		{B30085FC-1478-496B-B615-0B0FAD4AEC35}.Sign|Mixed Platforms.ActiveCfg = Release|Any CPU
		{B30085FC-1478-496B-B615-0B0FAD4AEC35}.Sign|Mixed Platforms.Build.0 = Release|Any CPU
		{B30085FC-1478-496B-B615-0B0FAD4AEC35}.Sign|Win32.ActiveCfg = Release|Any CPU
		{B30085FC-1478-496B-B615-0B0FAD4AEC35}.Sign|Win32.Build.0 = Release|Any CPU
		{B30085FC-1478-496B-B615-0B0FAD4AEC35}.Sign|x64.ActiveCfg = Release|Any CPU
		{B30085FC-1478-496B-B615-0B0FAD4AEC35}.Sign|x64.Build.0 = Release|Any CPU
		{B30085FC-1478-496B-B615-0B0FAD4AEC35}.Sign|x86.ActiveCfg = Release|Any CPU
		{B30085FC-1478-496B-B615-0B0FAD4AEC35}.Sign|x86.Build.0 = Release|Any CPU
		{5DE243FE-E7BA-425E-9125-B469D195131A}.Debug|Any CPU.ActiveCfg = Debug|Any CPU
		{5DE243FE-E7BA-425E-9125-B469D195131A}.Debug|Any CPU.Build.0 = Debug|Any CPU
		{5DE243FE-E7BA-425E-9125-B469D195131A}.Debug|ARM.ActiveCfg = Debug|Any CPU
		{5DE243FE-E7BA-425E-9125-B469D195131A}.Debug|ARM.Build.0 = Debug|Any CPU
		{5DE243FE-E7BA-425E-9125-B469D195131A}.Debug|Mixed Platforms.ActiveCfg = Debug|Any CPU
		{5DE243FE-E7BA-425E-9125-B469D195131A}.Debug|Mixed Platforms.Build.0 = Debug|Any CPU
		{5DE243FE-E7BA-425E-9125-B469D195131A}.Debug|Win32.ActiveCfg = Debug|Any CPU
		{5DE243FE-E7BA-425E-9125-B469D195131A}.Debug|Win32.Build.0 = Debug|Any CPU
		{5DE243FE-E7BA-425E-9125-B469D195131A}.Debug|x64.ActiveCfg = Debug|Any CPU
		{5DE243FE-E7BA-425E-9125-B469D195131A}.Debug|x64.Build.0 = Debug|Any CPU
		{5DE243FE-E7BA-425E-9125-B469D195131A}.Debug|x86.ActiveCfg = Debug|Any CPU
		{5DE243FE-E7BA-425E-9125-B469D195131A}.Debug|x86.Build.0 = Debug|Any CPU
		{5DE243FE-E7BA-425E-9125-B469D195131A}.Release|Any CPU.ActiveCfg = Release|Any CPU
		{5DE243FE-E7BA-425E-9125-B469D195131A}.Release|Any CPU.Build.0 = Release|Any CPU
		{5DE243FE-E7BA-425E-9125-B469D195131A}.Release|ARM.ActiveCfg = Release|Any CPU
		{5DE243FE-E7BA-425E-9125-B469D195131A}.Release|ARM.Build.0 = Release|Any CPU
		{5DE243FE-E7BA-425E-9125-B469D195131A}.Release|Mixed Platforms.ActiveCfg = Release|Any CPU
		{5DE243FE-E7BA-425E-9125-B469D195131A}.Release|Mixed Platforms.Build.0 = Release|Any CPU
		{5DE243FE-E7BA-425E-9125-B469D195131A}.Release|Win32.ActiveCfg = Release|Any CPU
		{5DE243FE-E7BA-425E-9125-B469D195131A}.Release|Win32.Build.0 = Release|Any CPU
		{5DE243FE-E7BA-425E-9125-B469D195131A}.Release|x64.ActiveCfg = Release|Any CPU
		{5DE243FE-E7BA-425E-9125-B469D195131A}.Release|x64.Build.0 = Release|Any CPU
		{5DE243FE-E7BA-425E-9125-B469D195131A}.Release|x86.ActiveCfg = Release|Any CPU
		{5DE243FE-E7BA-425E-9125-B469D195131A}.Release|x86.Build.0 = Release|Any CPU
		{5DE243FE-E7BA-425E-9125-B469D195131A}.Sign|Any CPU.ActiveCfg = Release|Any CPU
		{5DE243FE-E7BA-425E-9125-B469D195131A}.Sign|Any CPU.Build.0 = Release|Any CPU
		{5DE243FE-E7BA-425E-9125-B469D195131A}.Sign|ARM.ActiveCfg = Release|ARM
		{5DE243FE-E7BA-425E-9125-B469D195131A}.Sign|ARM.Build.0 = Release|ARM
		{5DE243FE-E7BA-425E-9125-B469D195131A}.Sign|Mixed Platforms.ActiveCfg = Release|Any CPU
		{5DE243FE-E7BA-425E-9125-B469D195131A}.Sign|Mixed Platforms.Build.0 = Release|Any CPU
		{5DE243FE-E7BA-425E-9125-B469D195131A}.Sign|Win32.ActiveCfg = Release|Any CPU
		{5DE243FE-E7BA-425E-9125-B469D195131A}.Sign|Win32.Build.0 = Release|Any CPU
		{5DE243FE-E7BA-425E-9125-B469D195131A}.Sign|x64.ActiveCfg = Release|Any CPU
		{5DE243FE-E7BA-425E-9125-B469D195131A}.Sign|x64.Build.0 = Release|Any CPU
		{5DE243FE-E7BA-425E-9125-B469D195131A}.Sign|x86.ActiveCfg = Release|Any CPU
		{5DE243FE-E7BA-425E-9125-B469D195131A}.Sign|x86.Build.0 = Release|Any CPU
		{C29ED341-F3AF-4F75-844D-771736FB303A}.Debug|Any CPU.ActiveCfg = Debug|Any CPU
		{C29ED341-F3AF-4F75-844D-771736FB303A}.Debug|Any CPU.Build.0 = Debug|Any CPU
		{C29ED341-F3AF-4F75-844D-771736FB303A}.Debug|Any CPU.Deploy.0 = Debug|Any CPU
		{C29ED341-F3AF-4F75-844D-771736FB303A}.Debug|ARM.ActiveCfg = Debug|ARM
		{C29ED341-F3AF-4F75-844D-771736FB303A}.Debug|ARM.Build.0 = Debug|ARM
		{C29ED341-F3AF-4F75-844D-771736FB303A}.Debug|ARM.Deploy.0 = Debug|ARM
		{C29ED341-F3AF-4F75-844D-771736FB303A}.Debug|Mixed Platforms.ActiveCfg = Debug|x86
		{C29ED341-F3AF-4F75-844D-771736FB303A}.Debug|Mixed Platforms.Build.0 = Debug|x86
		{C29ED341-F3AF-4F75-844D-771736FB303A}.Debug|Mixed Platforms.Deploy.0 = Debug|x86
		{C29ED341-F3AF-4F75-844D-771736FB303A}.Debug|Win32.ActiveCfg = Debug|x86
		{C29ED341-F3AF-4F75-844D-771736FB303A}.Debug|Win32.Build.0 = Debug|x86
		{C29ED341-F3AF-4F75-844D-771736FB303A}.Debug|Win32.Deploy.0 = Debug|x86
		{C29ED341-F3AF-4F75-844D-771736FB303A}.Debug|x64.ActiveCfg = Debug|x64
		{C29ED341-F3AF-4F75-844D-771736FB303A}.Debug|x64.Build.0 = Debug|x64
		{C29ED341-F3AF-4F75-844D-771736FB303A}.Debug|x64.Deploy.0 = Debug|x64
		{C29ED341-F3AF-4F75-844D-771736FB303A}.Debug|x86.ActiveCfg = Debug|x86
		{C29ED341-F3AF-4F75-844D-771736FB303A}.Debug|x86.Build.0 = Debug|x86
		{C29ED341-F3AF-4F75-844D-771736FB303A}.Debug|x86.Deploy.0 = Debug|x86
		{C29ED341-F3AF-4F75-844D-771736FB303A}.Release|Any CPU.ActiveCfg = Release|Any CPU
		{C29ED341-F3AF-4F75-844D-771736FB303A}.Release|Any CPU.Build.0 = Release|Any CPU
		{C29ED341-F3AF-4F75-844D-771736FB303A}.Release|Any CPU.Deploy.0 = Release|Any CPU
		{C29ED341-F3AF-4F75-844D-771736FB303A}.Release|ARM.ActiveCfg = Release|ARM
		{C29ED341-F3AF-4F75-844D-771736FB303A}.Release|ARM.Build.0 = Release|ARM
		{C29ED341-F3AF-4F75-844D-771736FB303A}.Release|ARM.Deploy.0 = Release|ARM
		{C29ED341-F3AF-4F75-844D-771736FB303A}.Release|Mixed Platforms.ActiveCfg = Release|x86
		{C29ED341-F3AF-4F75-844D-771736FB303A}.Release|Mixed Platforms.Build.0 = Release|x86
		{C29ED341-F3AF-4F75-844D-771736FB303A}.Release|Mixed Platforms.Deploy.0 = Release|x86
		{C29ED341-F3AF-4F75-844D-771736FB303A}.Release|Win32.ActiveCfg = Release|x86
		{C29ED341-F3AF-4F75-844D-771736FB303A}.Release|Win32.Build.0 = Release|x86
		{C29ED341-F3AF-4F75-844D-771736FB303A}.Release|Win32.Deploy.0 = Release|x86
		{C29ED341-F3AF-4F75-844D-771736FB303A}.Release|x64.ActiveCfg = Release|x64
		{C29ED341-F3AF-4F75-844D-771736FB303A}.Release|x64.Build.0 = Release|x64
		{C29ED341-F3AF-4F75-844D-771736FB303A}.Release|x64.Deploy.0 = Release|x64
		{C29ED341-F3AF-4F75-844D-771736FB303A}.Release|x86.ActiveCfg = Release|x86
		{C29ED341-F3AF-4F75-844D-771736FB303A}.Release|x86.Build.0 = Release|x86
		{C29ED341-F3AF-4F75-844D-771736FB303A}.Release|x86.Deploy.0 = Release|x86
		{C29ED341-F3AF-4F75-844D-771736FB303A}.Sign|Any CPU.ActiveCfg = Release|Any CPU
		{C29ED341-F3AF-4F75-844D-771736FB303A}.Sign|Any CPU.Build.0 = Release|Any CPU
		{C29ED341-F3AF-4F75-844D-771736FB303A}.Sign|Any CPU.Deploy.0 = Release|Any CPU
		{C29ED341-F3AF-4F75-844D-771736FB303A}.Sign|ARM.ActiveCfg = Release|ARM
		{C29ED341-F3AF-4F75-844D-771736FB303A}.Sign|ARM.Build.0 = Release|ARM
		{C29ED341-F3AF-4F75-844D-771736FB303A}.Sign|ARM.Deploy.0 = Release|ARM
		{C29ED341-F3AF-4F75-844D-771736FB303A}.Sign|Mixed Platforms.ActiveCfg = Release|x86
		{C29ED341-F3AF-4F75-844D-771736FB303A}.Sign|Mixed Platforms.Build.0 = Release|x86
		{C29ED341-F3AF-4F75-844D-771736FB303A}.Sign|Mixed Platforms.Deploy.0 = Release|x86
		{C29ED341-F3AF-4F75-844D-771736FB303A}.Sign|Win32.ActiveCfg = Release|x86
		{C29ED341-F3AF-4F75-844D-771736FB303A}.Sign|Win32.Build.0 = Release|x86
		{C29ED341-F3AF-4F75-844D-771736FB303A}.Sign|Win32.Deploy.0 = Release|x86
		{C29ED341-F3AF-4F75-844D-771736FB303A}.Sign|x64.ActiveCfg = Release|x64
		{C29ED341-F3AF-4F75-844D-771736FB303A}.Sign|x64.Build.0 = Release|x64
		{C29ED341-F3AF-4F75-844D-771736FB303A}.Sign|x64.Deploy.0 = Release|x64
		{C29ED341-F3AF-4F75-844D-771736FB303A}.Sign|x86.ActiveCfg = Release|x86
		{C29ED341-F3AF-4F75-844D-771736FB303A}.Sign|x86.Build.0 = Release|x86
		{C29ED341-F3AF-4F75-844D-771736FB303A}.Sign|x86.Deploy.0 = Release|x86
		{E8E7A9F5-1C0D-425B-B963-733B5988AB37}.Debug|Any CPU.ActiveCfg = Debug|Any CPU
		{E8E7A9F5-1C0D-425B-B963-733B5988AB37}.Debug|Any CPU.Build.0 = Debug|Any CPU
		{E8E7A9F5-1C0D-425B-B963-733B5988AB37}.Debug|ARM.ActiveCfg = Debug|ARM
		{E8E7A9F5-1C0D-425B-B963-733B5988AB37}.Debug|ARM.Build.0 = Debug|ARM
		{E8E7A9F5-1C0D-425B-B963-733B5988AB37}.Debug|Mixed Platforms.ActiveCfg = Debug|x86
		{E8E7A9F5-1C0D-425B-B963-733B5988AB37}.Debug|Mixed Platforms.Build.0 = Debug|x86
		{E8E7A9F5-1C0D-425B-B963-733B5988AB37}.Debug|Win32.ActiveCfg = Debug|x86
		{E8E7A9F5-1C0D-425B-B963-733B5988AB37}.Debug|Win32.Build.0 = Debug|x86
		{E8E7A9F5-1C0D-425B-B963-733B5988AB37}.Debug|x64.ActiveCfg = Debug|x64
		{E8E7A9F5-1C0D-425B-B963-733B5988AB37}.Debug|x64.Build.0 = Debug|x64
		{E8E7A9F5-1C0D-425B-B963-733B5988AB37}.Debug|x86.ActiveCfg = Debug|x86
		{E8E7A9F5-1C0D-425B-B963-733B5988AB37}.Debug|x86.Build.0 = Debug|x86
		{E8E7A9F5-1C0D-425B-B963-733B5988AB37}.Release|Any CPU.ActiveCfg = Release|Any CPU
		{E8E7A9F5-1C0D-425B-B963-733B5988AB37}.Release|Any CPU.Build.0 = Release|Any CPU
		{E8E7A9F5-1C0D-425B-B963-733B5988AB37}.Release|ARM.ActiveCfg = Release|ARM
		{E8E7A9F5-1C0D-425B-B963-733B5988AB37}.Release|ARM.Build.0 = Release|ARM
		{E8E7A9F5-1C0D-425B-B963-733B5988AB37}.Release|Mixed Platforms.ActiveCfg = Release|x86
		{E8E7A9F5-1C0D-425B-B963-733B5988AB37}.Release|Mixed Platforms.Build.0 = Release|x86
		{E8E7A9F5-1C0D-425B-B963-733B5988AB37}.Release|Win32.ActiveCfg = Release|x86
		{E8E7A9F5-1C0D-425B-B963-733B5988AB37}.Release|Win32.Build.0 = Release|x86
		{E8E7A9F5-1C0D-425B-B963-733B5988AB37}.Release|x64.ActiveCfg = Release|x64
		{E8E7A9F5-1C0D-425B-B963-733B5988AB37}.Release|x64.Build.0 = Release|x64
		{E8E7A9F5-1C0D-425B-B963-733B5988AB37}.Release|x86.ActiveCfg = Release|x86
		{E8E7A9F5-1C0D-425B-B963-733B5988AB37}.Release|x86.Build.0 = Release|x86
		{E8E7A9F5-1C0D-425B-B963-733B5988AB37}.Sign|Any CPU.ActiveCfg = Release|Any CPU
		{E8E7A9F5-1C0D-425B-B963-733B5988AB37}.Sign|Any CPU.Build.0 = Release|Any CPU
		{E8E7A9F5-1C0D-425B-B963-733B5988AB37}.Sign|ARM.ActiveCfg = Release|ARM
		{E8E7A9F5-1C0D-425B-B963-733B5988AB37}.Sign|ARM.Build.0 = Release|ARM
		{E8E7A9F5-1C0D-425B-B963-733B5988AB37}.Sign|Mixed Platforms.ActiveCfg = Release|x86
		{E8E7A9F5-1C0D-425B-B963-733B5988AB37}.Sign|Mixed Platforms.Build.0 = Release|x86
		{E8E7A9F5-1C0D-425B-B963-733B5988AB37}.Sign|Win32.ActiveCfg = Release|x86
		{E8E7A9F5-1C0D-425B-B963-733B5988AB37}.Sign|Win32.Build.0 = Release|x86
		{E8E7A9F5-1C0D-425B-B963-733B5988AB37}.Sign|x64.ActiveCfg = Release|x64
		{E8E7A9F5-1C0D-425B-B963-733B5988AB37}.Sign|x64.Build.0 = Release|x64
		{E8E7A9F5-1C0D-425B-B963-733B5988AB37}.Sign|x86.ActiveCfg = Release|x86
		{E8E7A9F5-1C0D-425B-B963-733B5988AB37}.Sign|x86.Build.0 = Release|x86
		{B9FA1899-8F79-4375-9110-1A28914595E7}.Debug|Any CPU.ActiveCfg = Debug|Any CPU
		{B9FA1899-8F79-4375-9110-1A28914595E7}.Debug|Any CPU.Build.0 = Debug|Any CPU
		{B9FA1899-8F79-4375-9110-1A28914595E7}.Debug|ARM.ActiveCfg = Debug|ARM
		{B9FA1899-8F79-4375-9110-1A28914595E7}.Debug|ARM.Build.0 = Debug|ARM
		{B9FA1899-8F79-4375-9110-1A28914595E7}.Debug|Mixed Platforms.ActiveCfg = Debug|x86
		{B9FA1899-8F79-4375-9110-1A28914595E7}.Debug|Mixed Platforms.Build.0 = Debug|x86
		{B9FA1899-8F79-4375-9110-1A28914595E7}.Debug|Win32.ActiveCfg = Debug|x86
		{B9FA1899-8F79-4375-9110-1A28914595E7}.Debug|Win32.Build.0 = Debug|x86
		{B9FA1899-8F79-4375-9110-1A28914595E7}.Debug|x64.ActiveCfg = Debug|Any CPU
		{B9FA1899-8F79-4375-9110-1A28914595E7}.Debug|x86.ActiveCfg = Debug|x86
		{B9FA1899-8F79-4375-9110-1A28914595E7}.Debug|x86.Build.0 = Debug|x86
		{B9FA1899-8F79-4375-9110-1A28914595E7}.Release|Any CPU.ActiveCfg = Release|Any CPU
		{B9FA1899-8F79-4375-9110-1A28914595E7}.Release|Any CPU.Build.0 = Release|Any CPU
		{B9FA1899-8F79-4375-9110-1A28914595E7}.Release|ARM.ActiveCfg = Release|ARM
		{B9FA1899-8F79-4375-9110-1A28914595E7}.Release|ARM.Build.0 = Release|ARM
		{B9FA1899-8F79-4375-9110-1A28914595E7}.Release|Mixed Platforms.ActiveCfg = Release|x86
		{B9FA1899-8F79-4375-9110-1A28914595E7}.Release|Mixed Platforms.Build.0 = Release|x86
		{B9FA1899-8F79-4375-9110-1A28914595E7}.Release|Win32.ActiveCfg = Release|x86
		{B9FA1899-8F79-4375-9110-1A28914595E7}.Release|Win32.Build.0 = Release|x86
		{B9FA1899-8F79-4375-9110-1A28914595E7}.Release|x64.ActiveCfg = Release|Any CPU
		{B9FA1899-8F79-4375-9110-1A28914595E7}.Release|x86.ActiveCfg = Release|x86
		{B9FA1899-8F79-4375-9110-1A28914595E7}.Release|x86.Build.0 = Release|x86
		{B9FA1899-8F79-4375-9110-1A28914595E7}.Sign|Any CPU.ActiveCfg = Release|Any CPU
		{B9FA1899-8F79-4375-9110-1A28914595E7}.Sign|Any CPU.Build.0 = Release|Any CPU
		{B9FA1899-8F79-4375-9110-1A28914595E7}.Sign|ARM.ActiveCfg = Release|ARM
		{B9FA1899-8F79-4375-9110-1A28914595E7}.Sign|ARM.Build.0 = Release|ARM
		{B9FA1899-8F79-4375-9110-1A28914595E7}.Sign|Mixed Platforms.ActiveCfg = Release|x86
		{B9FA1899-8F79-4375-9110-1A28914595E7}.Sign|Mixed Platforms.Build.0 = Release|x86
		{B9FA1899-8F79-4375-9110-1A28914595E7}.Sign|Win32.ActiveCfg = Release|x86
		{B9FA1899-8F79-4375-9110-1A28914595E7}.Sign|Win32.Build.0 = Release|x86
		{B9FA1899-8F79-4375-9110-1A28914595E7}.Sign|x64.ActiveCfg = Release|Any CPU
		{B9FA1899-8F79-4375-9110-1A28914595E7}.Sign|x86.ActiveCfg = Release|x86
		{B9FA1899-8F79-4375-9110-1A28914595E7}.Sign|x86.Build.0 = Release|x86
	EndGlobalSection
	GlobalSection(SolutionProperties) = preSolution
		HideSolutionNode = FALSE
	EndGlobalSection
	GlobalSection(NestedProjects) = preSolution
		{5CDA09A9-A58B-48C5-AC0B-0BC159149350} = {4953258D-D77C-4D81-8635-E690143BA96C}
		{7B4C6E81-E0E3-4EA2-BF16-675706B979C5} = {4953258D-D77C-4D81-8635-E690143BA96C}
		{921B2FE9-7AD1-4F92-8465-77C03DD95B4F} = {4953258D-D77C-4D81-8635-E690143BA96C}
		{F911B0B9-7C40-4A76-B8E8-48FAC2341F4F} = {4953258D-D77C-4D81-8635-E690143BA96C}
		{CF6D58EC-DE96-4447-A21A-FEDD344CCE21} = {4953258D-D77C-4D81-8635-E690143BA96C}
		{8FC60253-4CFB-4E09-B1E0-18910B3C29D7} = {A98842C7-CA13-4528-A794-5BCE6DAD4F9D}
		{D79C0239-DF0D-4A1F-9C93-B0CF735C41E8} = {8FC60253-4CFB-4E09-B1E0-18910B3C29D7}
		{3D1AB151-FB20-4B5C-9ACC-03BE5CDFE8A0} = {8FC60253-4CFB-4E09-B1E0-18910B3C29D7}
		{84799C77-191F-4E39-9275-9E0A4ACCEE21} = {8FC60253-4CFB-4E09-B1E0-18910B3C29D7}
		{80009A5D-A00A-41ED-A228-094AE8872B31} = {A98842C7-CA13-4528-A794-5BCE6DAD4F9D}
		{B14C3355-3485-4977-928D-00CF669A0614} = {80009A5D-A00A-41ED-A228-094AE8872B31}
		{3F5B304E-68BE-4674-AA73-C9DEC0DEA6F1} = {80009A5D-A00A-41ED-A228-094AE8872B31}
		{5E82D3AF-4629-4992-95DC-E94FA0ED0A19} = {80009A5D-A00A-41ED-A228-094AE8872B31}
		{33632E57-519F-4D68-82D6-88690211E54D} = {773B2F69-49B8-40F0-BC4C-C9C9EF26FF99}
		{A98842C7-CA13-4528-A794-5BCE6DAD4F9D} = {773B2F69-49B8-40F0-BC4C-C9C9EF26FF99}
		{2BF6B7FE-6318-45C0-B5E8-BB1EA05C8AC1} = {773B2F69-49B8-40F0-BC4C-C9C9EF26FF99}
		{0459AB71-2DCE-4FAC-8E8D-13508622AEBC} = {33632E57-519F-4D68-82D6-88690211E54D}
		{810340C0-6ACD-4148-8CCE-1408C0357CAE} = {0459AB71-2DCE-4FAC-8E8D-13508622AEBC}
		{1655A4D0-493B-47E5-901B-583354006A55} = {773B2F69-49B8-40F0-BC4C-C9C9EF26FF99}
		{79259DB5-4D17-450E-9861-09FA93BFF6FD} = {1655A4D0-493B-47E5-901B-583354006A55}
		{8CDE3F03-4EFA-4F3D-823E-62F7A93E077B} = {4953258D-D77C-4D81-8635-E690143BA96C}
		{B30085FC-1478-496B-B615-0B0FAD4AEC35} = {33632E57-519F-4D68-82D6-88690211E54D}
		{A714E91C-E728-4F5F-8832-57527C6CD695} = {773B2F69-49B8-40F0-BC4C-C9C9EF26FF99}
		{5DE243FE-E7BA-425E-9125-B469D195131A} = {A714E91C-E728-4F5F-8832-57527C6CD695}
		{2EC03909-7195-48AB-BCC5-3311A9D4B4E1} = {33632E57-519F-4D68-82D6-88690211E54D}
		{C29ED341-F3AF-4F75-844D-771736FB303A} = {2EC03909-7195-48AB-BCC5-3311A9D4B4E1}
		{D4F9F40F-C001-4FE6-AFF9-5227B50DABE1} = {2BF6B7FE-6318-45C0-B5E8-BB1EA05C8AC1}
		{E8E7A9F5-1C0D-425B-B963-733B5988AB37} = {2BF6B7FE-6318-45C0-B5E8-BB1EA05C8AC1}
		{B9FA1899-8F79-4375-9110-1A28914595E7} = {2BF6B7FE-6318-45C0-B5E8-BB1EA05C8AC1}
	EndGlobalSection
EndGlobal
